{
  "originHash" : "2d505680d350bfe5562566477778d0503720f69065255f5fd1853e2cff3fda66",
  "pins" : [
    {
      "identity" : "sparkle",
      "kind" : "remoteSourceControl",
      "location" : "https://github.com/sparkle-project/Sparkle",
      "state" : {
        "revision" : "b6496a74a087257ef5e6da1c5b29a447a60f5bd7",
        "version" : "2.9.4"
      }
    }
  ],
  "version" : 3
}
